
Microsoft Visual Studio Solution File, Format Version 11.00
# Visual Studio 2010
Project("{FAE04EC0-301F-11D3-BF4B-00C04F79EFBC}") = "rust_to_unity", "Assembly-CSharp.csproj", "{11A5FCF1-168C-F31C-ACC5-24B85D3CBA0C}"
EndProject
Project("{FAE04EC0-301F-11D3-BF4B-00C04F79EFBC}") = "rust_to_unity", "Assembly-CSharp-Editor.csproj", "{D9D57FC5-2C5F-C02A-8E9E-20BFB8398636}"
EndProject
Global
	GlobalSection(SolutionConfigurationPlatforms) = preSolution
		Debug|Any CPU = Debug|Any CPU
		Release|Any CPU = Release|Any CPU
	EndGlobalSection
	GlobalSection(ProjectConfigurationPlatforms) = postSolution
		{11A5FCF1-168C-F31C-ACC5-24B85D3CBA0C}.Debug|Any CPU.ActiveCfg = Debug|Any CPU
		{11A5FCF1-168C-F31C-ACC5-24B85D3CBA0C}.Debug|Any CPU.Build.0 = Debug|Any CPU
		{11A5FCF1-168C-F31C-ACC5-24B85D3CBA0C}.Release|Any CPU.ActiveCfg = Release|Any CPU
		{11A5FCF1-168C-F31C-ACC5-24B85D3CBA0C}.Release|Any CPU.Build.0 = Release|Any CPU
		{D9D57FC5-2C5F-C02A-8E9E-20BFB8398636}.Debug|Any CPU.ActiveCfg = Debug|Any CPU
		{D9D57FC5-2C5F-C02A-8E9E-20BFB8398636}.Debug|Any CPU.Build.0 = Debug|Any CPU
		{D9D57FC5-2C5F-C02A-8E9E-20BFB8398636}.Release|Any CPU.ActiveCfg = Release|Any CPU
		{D9D57FC5-2C5F-C02A-8E9E-20BFB8398636}.Release|Any CPU.Build.0 = Release|Any CPU
	EndGlobalSection
	GlobalSection(SolutionProperties) = preSolution
		HideSolutionNode = FALSE
	EndGlobalSection
	GlobalSection(MonoDevelopProperties) = preSolution
		StartupItem = Assembly-CSharp.csproj
	EndGlobalSection
EndGlobal
